<?xml version="1.0" encoding="utf-8"?>
<Project ToolsVersion="4.0" xmlns="http://schemas.microsoft.com/developer/msbuild/2003">
  <ItemGroup>
    <Filter Include="Source Files">
      <UniqueIdentifier>{4FC737F1-C7A5-4376-A066-2A32D752A2FF}</UniqueIdentifier>
      <Extensions>cpp;c;cc;cxx;def;odl;idl;hpj;bat;asm;asmx</Extensions>
    </Filter>
    <Filter Include="Header Files">
      <UniqueIdentifier>{93995380-89BD-4b04-88EB-625FBE52EBFB}</UniqueIdentifier>
      <Extensions>h;hh;hpp;hxx;hm;inl;inc;ipp;xsd</Extensions>
    </Filter>
    <Filter Include="Resource Files">
      <UniqueIdentifier>{67DA6AB6-F800-4c08-8B7A-83BB121AAD01}</UniqueIdentifier>
      <Extensions>rc;ico;cur;bmp;dlg;rc2;rct;bin;rgs;gif;jpg;jpeg;jpe;resx;tiff;tif;png;wav;mfcribbon-ms</Extensions>
    </Filter>
  </ItemGroup>
  <ItemGroup>
    <ClCompile Include="Main.cpp">
      <Filter>Source Files</Filter>
    </ClCompile>
    <ClCompile Include="WindowHelper.cpp">
      <Filter>Source Files</Filter>
    </ClCompile>
    <ClCompile Include="D3D11Helper.cpp">
      <Filter>Source Files</Filter>
    </ClCompile>
    <ClCompile Include="RenderHelper.cpp">
      <Filter>Source Files</Filter>
    </ClCompile>
    <ClCompile Include="ConstantBufferD3D11.cpp">
      <Filter>Source Files</Filter>
    </ClCompile>
    <ClCompile Include="CameraD3D11.cpp">
      <Filter>Source Files</Filter>
    </ClCompile>
    <ClCompile Include="PipelineHelper.cpp">
      <Filter>Source Files</Filter>
    </ClCompile>
    <ClCompile Include="SamplerD3D11.cpp">
      <Filter>Source Files</Filter>
    </ClCompile>
    <ClCompile Include="DepthBufferD3D11.cpp">
      <Filter>Source Files</Filter>
    </ClCompile>
    <ClCompile Include="InputLayoutD3D11.cpp">
      <Filter>Source Files</Filter>
    </ClCompile>
    <ClCompile Include="VertexBufferD3D11.cpp">
      <Filter>Source Files</Filter>
    </ClCompile>
    <ClCompile Include="SubMeshD3D11.cpp">
      <Filter>Source Files</Filter>
    </ClCompile>
    <ClCompile Include="IndexBufferD3D11.cpp">
      <Filter>Source Files</Filter>
    </ClCompile>
    <ClCompile Include="MeshD3D11.cpp">
      <Filter>Source Files</Filter>
    </ClCompile>
    <ClCompile Include="ShaderResourceTextureD3D11.cpp">
      <Filter>Source Files</Filter>
    </ClCompile>
    <ClCompile Include="SpotLightCollectionD3D11.cpp">
      <Filter>Source Files</Filter>
    </ClCompile>
    <ClCompile Include="StructuredBufferD3D11.cpp">
      <Filter>Source Files</Filter>
    </ClCompile>
    <ClCompile Include="RenderTargetD3D11.cpp">
      <Filter>Source Files</Filter>
    </ClCompile>
    <ClCompile Include="OBJParser.cpp">
      <Filter>Source Files</Filter>
    </ClCompile>
    <ClCompile Include="GBufferD3D11.cpp">
      <Filter>Source Files</Filter>
    </ClCompile>
    <ClCompile Include="GameObject.cpp">
      <Filter>Source Files</Filter>
    </ClCompile>
    <ClCompile Include="ShadowMapD3D11.cpp">
      <Filter>Source Files</Filter>
    </ClCompile>
    <ClCompile Include="TextureCubeD3D11.cpp">
      <Filter>Source Files</Filter>
    </ClCompile>
    <ClCompile Include="ShaderLoader.cpp">
      <Filter>Source Files</Filter>
    </ClCompile>
    <ClCompile Include="TextureLoader.cpp">
      <Filter>Source Files</Filter>
    </ClCompile>
    <ClCompile Include="LightManager.cpp">
      <Filter>Source Files</Filter>
    </ClCompile>
    <ClCompile Include="EnvironmentMapRenderer.cpp">
      <Filter>Source Files</Filter>
    </ClCompile>
    <ClCompile Include="ParticleSystemD3D11.cpp">
      <Filter>Source Files</Filter>
    </ClCompile>
  </ItemGroup>
  <ItemGroup>
    <FxCompile Include="VertexShader.hlsl">
      <Filter>Resource Files</Filter>
    </FxCompile>
    <FxCompile Include="PixelShader.hlsl">
      <Filter>Resource Files</Filter>
    </FxCompile>
    <FxCompile Include="LightingCS.hlsl" />
    <FxCompile Include="TessellationVS.hlsl" />
    <FxCompile Include="TessellationHS.hlsl" />
    <FxCompile Include="TessellationDS.hlsl" />
    <FxCompile Include="ReflectionPS.hlsl" />
    <FxCompile Include="CubeMapPS.hlsl" />
    <FxCompile Include="NormalMapPS.hlsl" />
    <FxCompile Include="ParallaxPS.hlsl" />
    <FxCompile Include="ParticleGS.hlsl" />
    <FxCompile Include="ParticlePS.hlsl" />
    <FxCompile Include="ParticleUpdateCS.hlsl" />
    <FxCompile Include="ParticleVS.hlsl" />
  </ItemGroup>
  <ItemGroup>
    <ClInclude Include="WindowHelper.h">
      <Filter>Header Files</Filter>
    </ClInclude>
    <ClInclude Include="D3D11Helper.h">
      <Filter>Header Files</Filter>
    </ClInclude>
    <ClInclude Include="PipelineHelper.h">
      <Filter>Header Files</Filter>
    </ClInclude>
    <ClInclude Include="RenderHelper.h">
      <Filter>Header Files</Filter>
    </ClInclude>
    <ClInclude Include="ConstantBufferD3D11.h">
      <Filter>Header Files</Filter>
    </ClInclude>
    <ClInclude Include="CameraD3D11.h">
      <Filter>Header Files</Filter>
    </ClInclude>
    <ClInclude Include="SamplerD3D11.h">
      <Filter>Header Files</Filter>
    </ClInclude>
    <ClInclude Include="DepthBufferD3D11.h">
      <Filter>Header Files</Filter>
    </ClInclude>
    <ClInclude Include="InputLayoutD3D11.h">
      <Filter>Header Files</Filter>
    </ClInclude>
    <ClInclude Include="VertexBufferD3D11.h">
      <Filter>Header Files</Filter>
    </ClInclude>
    <ClInclude Include="SubMeshD3D11.h">
      <Filter>Header Files</Filter>
    </ClInclude>
    <ClInclude Include="StructuredBufferD3D11.h">
      <Filter>Header Files</Filter>
    </ClInclude>
    <ClInclude Include="SpotLightCollectionD3D11.h">
      <Filter>Header Files</Filter>
    </ClInclude>
    <ClInclude Include="ShaderResourceTextureD3D11.h">
      <Filter>Header Files</Filter>
    </ClInclude>
    <ClInclude Include="RenderTargetD3D11.h">
      <Filter>Header Files</Filter>
    </ClInclude>
    <ClInclude Include="MeshD3D11.h">
      <Filter>Header Files</Filter>
    </ClInclude>
    <ClInclude Include="IndexBufferD3D11.h">
      <Filter>Header Files</Filter>
    </ClInclude>
    <ClInclude Include="OBJParser.h">
      <Filter>Header Files</Filter>
    </ClInclude>
    <ClInclude Include="stb_image.h">
      <Filter>Header Files</Filter>
    </ClInclude>
    <ClInclude Include="GBufferD3D11.h">
      <Filter>Header Files</Filter>
    </ClInclude>
    <ClInclude Include="GameObject.h">
      <Filter>Header Files</Filter>
    </ClInclude>
    <ClInclude Include="ShadowMapD3D11.h">
      <Filter>Header Files</Filter>
    </ClInclude>
    <ClInclude Include="TextureCubeD3D11.h">
      <Filter>Header Files</Filter>
    </ClInclude>
    <ClInclude Include="ShaderLoader.h">
      <Filter>Header Files</Filter>
    </ClInclude>
    <ClInclude Include="TextureLoader.h">
      <Filter>Header Files</Filter>
    </ClInclude>
    <ClInclude Include="LightManager.h">
      <Filter>Header Files</Filter>
    </ClInclude>
    <ClInclude Include="EnvironmentMapRenderer.h">
      <Filter>Header Files</Filter>
    </ClInclude>
    <ClInclude Include="QuadTree.h">
      <Filter>Header Files</Filter>
    </ClInclude>
    <ClInclude Include="ParticleSystemD3D11.h">
      <Filter>Header Files</Filter>
    </ClInclude>
  </ItemGroup>
  <ItemGroup>
    <None Include="VertexShader.cso" />
    <None Include="OBJParser" />
  </ItemGroup>
</Project>